
Microsoft Visual Studio Solution File, Format Version 12.00
# Visual Studio 15
VisualStudioVersion = 15.0.28307.168
MinimumVisualStudioVersion = 10.0.40219.1
Project("{FAE04EC0-301F-11D3-BF4B-00C04F79EFBC}") = "AicaProcMonitor", "AicaProcMonitor\AicaProcMonitor.csproj", "{B9E736E2-1894-45F4-AE6A-4C6DC3CDEC24}"
EndProject
Global
	GlobalSection(SolutionConfigurationPlatforms) = preSolution
		Debug|Any CPU = Debug|Any CPU
		Release|Any CPU = Release|Any CPU
	EndGlobalSection
	GlobalSection(ProjectConfigurationPlatforms) = postSolution
		{B9E736E2-1894-45F4-AE6A-4C6DC3CDEC24}.Debug|Any CPU.ActiveCfg = Debug|Any CPU
		{B9E736E2-1894-45F4-AE6A-4C6DC3CDEC24}.Debug|Any CPU.Build.0 = Debug|Any CPU
		{B9E736E2-1894-45F4-AE6A-4C6DC3CDEC24}.Release|Any CPU.ActiveCfg = Release|Any CPU
		{B9E736E2-1894-45F4-AE6A-4C6DC3CDEC24}.Release|Any CPU.Build.0 = Release|Any CPU
	EndGlobalSection
	GlobalSection(SolutionProperties) = preSolution
		HideSolutionNode = FALSE
	EndGlobalSection
	GlobalSection(ExtensibilityGlobals) = postSolution
		SolutionGuid = {A590CAF8-C945-43A1-9EFE-99A85DC6B7C7}
	EndGlobalSection
EndGlobal
